
Microsoft Visual Studio Solution File, Format Version 12.00
Project("{FAE04EC0-301F-11D3-BF4B-00C04F79EFBC}") = "LB1", "LB1\LB1.csproj", "{E5A4A792-112D-430E-AA52-0CFB43557F23}"
EndProject
Global
	GlobalSection(SolutionConfigurationPlatforms) = preSolution
		Debug|Any CPU = Debug|Any CPU
		Release|Any CPU = Release|Any CPU
	EndGlobalSection
	GlobalSection(ProjectConfigurationPlatforms) = postSolution
		{E5A4A792-112D-430E-AA52-0CFB43557F23}.Debug|Any CPU.ActiveCfg = Debug|Any CPU
		{E5A4A792-112D-430E-AA52-0CFB43557F23}.Debug|Any CPU.Build.0 = Debug|Any CPU
		{E5A4A792-112D-430E-AA52-0CFB43557F23}.Release|Any CPU.ActiveCfg = Release|Any CPU
		{E5A4A792-112D-430E-AA52-0CFB43557F23}.Release|Any CPU.Build.0 = Release|Any CPU
	EndGlobalSection
EndGlobal
